// !$*UTF8*$!
{
	archiveVersion = 1;
	classes = {
	};
	objectVersion = 55;
	objects = {

/* Begin PBXBuildFile section */
		3CFB1B55273E1E06005EB938 /* AppDelegate.swift in Sources */ = {isa = PBXBuildFile; fileRef = 3CFB1B54273E1E06005EB938 /* AppDelegate.swift */; };
		3CFB1B57273E1E06005EB938 /* SceneDelegate.swift in Sources */ = {isa = PBXBuildFile; fileRef = 3CFB1B56273E1E06005EB938 /* SceneDelegate.swift */; };
		3CFB1B59273E1E06005EB938 /* ViewController.swift in Sources */ = {isa = PBXBuildFile; fileRef = 3CFB1B58273E1E06005EB938 /* ViewController.swift */; };
		3CFB1B5C273E1E06005EB938 /* Main.storyboard in Resources */ = {isa = PBXBuildFile; fileRef = 3CFB1B5A273E1E06005EB938 /* Main.storyboard */; };
		3CFB1B5E273E1E09005EB938 /* Assets.xcassets in Resources */ = {isa = PBXBuildFile; fileRef = 3CFB1B5D273E1E09005EB938 /* Assets.xcassets */; };
		3CFB1B61273E1E09005EB938 /* LaunchScreen.storyboard in Resources */ = {isa = PBXBuildFile; fileRef = 3CFB1B5F273E1E09005EB938 /* LaunchScreen.storyboard */; };
		3CFB1B6D273E6EC6005EB938 /* PartDataModel.swift in Sources */ = {isa = PBXBuildFile; fileRef = 3CFB1B6C273E6EC6005EB938 /* PartDataModel.swift */; };
		779015BF2746346E00F83ACD /* Kingiseunju.swift in Sources */ = {isa = PBXBuildFile; fileRef = 779015BE2746346E00F83ACD /* Kingiseunju.swift */; };
/* End PBXBuildFile section */

/* Begin PBXFileReference section */
		3CFB1B51273E1E06005EB938 /* git-exam-project.app */ = {isa = PBXFileReference; explicitFileType = wrapper.application; includeInIndex = 0; path = "git-exam-project.app"; sourceTree = BUILT_PRODUCTS_DIR; };
		3CFB1B54273E1E06005EB938 /* AppDelegate.swift */ = {isa = PBXFileReference; lastKnownFileType = sourcecode.swift; path = AppDelegate.swift; sourceTree = "<group>"; };
		3CFB1B56273E1E06005EB938 /* SceneDelegate.swift */ = {isa = PBXFileReference; lastKnownFileType = sourcecode.swift; path = SceneDelegate.swift; sourceTree = "<group>"; };
		3CFB1B58273E1E06005EB938 /* ViewController.swift */ = {isa = PBXFileReference; lastKnownFileType = sourcecode.swift; path = ViewController.swift; sourceTree = "<group>"; };
		3CFB1B5B273E1E06005EB938 /* Base */ = {isa = PBXFileReference; lastKnownFileType = file.storyboard; name = Base; path = Base.lproj/Main.storyboard; sourceTree = "<group>"; };
		3CFB1B5D273E1E09005EB938 /* Assets.xcassets */ = {isa = PBXFileReference; lastKnownFileType = folder.assetcatalog; path = Assets.xcassets; sourceTree = "<group>"; };
		3CFB1B60273E1E09005EB938 /* Base */ = {isa = PBXFileReference; lastKnownFileType = file.storyboard; name = Base; path = Base.lproj/LaunchScreen.storyboard; sourceTree = "<group>"; };
		3CFB1B62273E1E09005EB938 /* Info.plist */ = {isa = PBXFileReference; lastKnownFileType = text.plist.xml; path = Info.plist; sourceTree = "<group>"; };
		3CFB1B6C273E6EC6005EB938 /* PartDataModel.swift */ = {isa = PBXFileReference; lastKnownFileType = sourcecode.swift; path = PartDataModel.swift; sourceTree = "<group>"; };
		779015BE2746346E00F83ACD /* Kingiseunju.swift */ = {isa = PBXFileReference; lastKnownFileType = sourcecode.swift; path = Kingiseunju.swift; sourceTree = "<group>"; };
/* End PBXFileReference section */

/* Begin PBXFrameworksBuildPhase section */
		3CFB1B4E273E1E06005EB938 /* Frameworks */ = {
			isa = PBXFrameworksBuildPhase;
			buildActionMask = 2147483647;
			files = (
			);
			runOnlyForDeploymentPostprocessing = 0;
		};
/* End PBXFrameworksBuildPhase section */

/* Begin PBXGroup section */
		3CFB1B48273E1E06005EB938 = {
			isa = PBXGroup;
			children = (
				3CFB1B53273E1E06005EB938 /* git-exam-project */,
				3CFB1B52273E1E06005EB938 /* Products */,
			);
			sourceTree = "<group>";
		};
		3CFB1B52273E1E06005EB938 /* Products */ = {
			isa = PBXGroup;
			children = (
				3CFB1B51273E1E06005EB938 /* git-exam-project.app */,
			);
			name = Products;
			sourceTree = "<group>";
		};
		3CFB1B53273E1E06005EB938 /* git-exam-project */ = {
			isa = PBXGroup;
			children = (
				3CFB1B54273E1E06005EB938 /* AppDelegate.swift */,
				3CFB1B56273E1E06005EB938 /* SceneDelegate.swift */,
				3CFB1B58273E1E06005EB938 /* ViewController.swift */,
				779015BE2746346E00F83ACD /* Kingiseunju.swift */,
				3CFB1B5A273E1E06005EB938 /* Main.storyboard */,
				3CFB1B5D273E1E09005EB938 /* Assets.xcassets */,
				3CFB1B5F273E1E09005EB938 /* LaunchScreen.storyboard */,
				3CFB1B62273E1E09005EB938 /* Info.plist */,
				3CFB1B6C273E6EC6005EB938 /* PartDataModel.swift */,
			);
			path = "git-exam-project";
			sourceTree = "<group>";
		};
/* End PBXGroup section */

/* Begin PBXNativeTarget section */
		3CFB1B50273E1E06005EB938 /* git-exam-project */ = {
			isa = PBXNativeTarget;
			buildConfigurationList = 3CFB1B65273E1E09005EB938 /* Build configuration list for PBXNativeTarget "git-exam-project" */;
			buildPhases = (
				3CFB1B4D273E1E06005EB938 /* Sources */,
				3CFB1B4E273E1E06005EB938 /* Frameworks */,
				3CFB1B4F273E1E06005EB938 /* Resources */,
			);
			buildRules = (
			);
			dependencies = (
			);
			name = "git-exam-project";
			productName = "git-exam-project";
			productReference = 3CFB1B51273E1E06005EB938 /* git-exam-project.app */;
			productType = "com.apple.product-type.application";
		};
/* End PBXNativeTarget section */

/* Begin PBXProject section */
		3CFB1B49273E1E06005EB938 /* Project object */ = {
			isa = PBXProject;
			attributes = {
				BuildIndependentTargetsInParallel = 1;
				LastSwiftUpdateCheck = 1310;
				LastUpgradeCheck = 1310;
				TargetAttributes = {
					3CFB1B50273E1E06005EB938 = {
						CreatedOnToolsVersion = 13.1;
					};
				};
			};
			buildConfigurationList = 3CFB1B4C273E1E06005EB938 /* Build configuration list for PBXProject "git-exam-project" */;
			compatibilityVersion = "Xcode 13.0";
			developmentRegion = en;
			hasScannedForEncodings = 0;
			knownRegions = (
				en,
				Base,
			);
			mainGroup = 3CFB1B48273E1E06005EB938;
			productRefGroup = 3CFB1B52273E1E06005EB938 /* Products */;
			projectDirPath = "";
			projectRoot = "";
			targets = (
				3CFB1B50273E1E06005EB938 /* git-exam-project */,
			);
		};
/* End PBXProject section */

/* Begin PBXResourcesBuildPhase section */
		3CFB1B4F273E1E06005EB938 /* Resources */ = {
			isa = PBXResourcesBuildPhase;
			buildActionMask = 2147483647;
			files = (
				3CFB1B61273E1E09005EB938 /* LaunchScreen.storyboard in Resources */,
				3CFB1B5E273E1E09005EB938 /* Assets.xcassets in Resources */,
				3CFB1B5C273E1E06005EB938 /* Main.storyboard in Resources */,
			);
			runOnlyForDeploymentPostprocessing = 0;
		};
/* End PBXResourcesBuildPhase section */

/* Begin PBXSourcesBuildPhase section */
		3CFB1B4D273E1E06005EB938 /* Sources */ = {
			isa = PBXSourcesBuildPhase;
			buildActionMask = 2147483647;
			files = (
				3CFB1B6D273E6EC6005EB938 /* PartDataModel.swift in Sources */,
				3CFB1B59273E1E06005EB938 /* ViewController.swift in Sources */,
				3CFB1B55273E1E06005EB938 /* AppDelegate.swift in Sources */,
				779015BF2746346E00F83ACD /* Kingiseunju.swift in Sources */,
				3CFB1B57273E1E06005EB938 /* SceneDelegate.swift in Sources */,
			);
			runOnlyForDeploymentPostprocessing = 0;
		};
/* End PBXSourcesBuildPhase section */

/* Begin PBXVariantGroup section */
		3CFB1B5A273E1E06005EB938 /* Main.storyboard */ = {
			isa = PBXVariantGroup;
			children = (
				3CFB1B5B273E1E06005EB938 /* Base */,
			);
			name = Main.storyboard;
			sourceTree = "<group>";
		};
		3CFB1B5F273E1E09005EB938 /* LaunchScreen.storyboard */ = {
			isa = PBXVariantGroup;
			children = (
				3CFB1B60273E1E09005EB938 /* Base */,
			);
			name = LaunchScreen.storyboard;
			sourceTree = "<group>";
		};
/* End PBXVariantGroup section */

/* Begin XCBuildConfiguration section */
		3CFB1B63273E1E09005EB938 /* Debug */ = {
			isa = XCBuildConfiguration;
			buildSettings = {
				ALWAYS_SEARCH_USER_PATHS = NO;
				CLANG_ANALYZER_NONNULL = YES;
				CLANG_ANALYZER_NUMBER_OBJECT_CONVERSION = YES_AGGRESSIVE;
				CLANG_CXX_LANGUAGE_STANDARD = "gnu++17";
				CLANG_CXX_LIBRARY = "libc++";
				CLANG_ENABLE_MODULES = YES;
				CLANG_ENABLE_OBJC_ARC = YES;
				CLANG_ENABLE_OBJC_WEAK = YES;
				CLANG_WARN_BLOCK_CAPTURE_AUTORELEASING = YES;
				CLANG_WARN_BOOL_CONVERSION = YES;
				CLANG_WARN_COMMA = YES;
				CLANG_WARN_CONSTANT_CONVERSION = YES;
				CLANG_WARN_DEPRECATED_OBJC_IMPLEMENTATIONS = YES;
				CLANG_WARN_DIRECT_OBJC_ISA_USAGE = YES_ERROR;
				CLANG_WARN_DOCUMENTATION_COMMENTS = YES;
				CLANG_WARN_EMPTY_BODY = YES;
				CLANG_WARN_ENUM_CONVERSION = YES;
				CLANG_WARN_INFINITE_RECURSION = YES;
				CLANG_WARN_INT_CONVERSION = YES;
				CLANG_WARN_NON_LITERAL_NULL_CONVERSION = YES;
				CLANG_WARN_OBJC_IMPLICIT_RETAIN_SELF = YES;
				CLANG_WARN_OBJC_LITERAL_CONVERSION = YES;
				CLANG_WARN_OBJC_ROOT_CLASS = YES_ERROR;
				CLANG_WARN_QUOTED_INCLUDE_IN_FRAMEWORK_HEADER = YES;
				CLANG_WARN_RANGE_LOOP_ANALYSIS = YES;
				CLANG_WARN_STRICT_PROTOTYPES = YES;
				CLANG_WARN_SUSPICIOUS_MOVE = YES;
				CLANG_WARN_UNGUARDED_AVAILABILITY = YES_AGGRESSIVE;
				CLANG_WARN_UNREACHABLE_CODE = YES;
				CLANG_WARN__DUPLICATE_METHOD_MATCH = YES;
				COPY_PHASE_STRIP = NO;
				DEBUG_INFORMATION_FORMAT = dwarf;
				ENABLE_STRICT_OBJC_MSGSEND = YES;
				ENABLE_TESTABILITY = YES;
				GCC_C_LANGUAGE_STANDARD = gnu11;
				GCC_DYNAMIC_NO_PIC = NO;
				GCC_NO_COMMON_BLOCKS = YES;
				GCC_OPTIMIZATION_LEVEL = 0;
				GCC_PREPROCESSOR_DEFINITIONS = (
					"DEBUG=1",
					"$(inherited)",
				);
				GCC_WARN_64_TO_32_BIT_CONVERSION = YES;
				GCC_WARN_ABOUT_RETURN_TYPE = YES_ERROR;
				GCC_WARN_UNDECLARED_SELECTOR = YES;
				GCC_WARN_UNINITIALIZED_AUTOS = YES_AGGRESSIVE;
				GCC_WARN_UNUSED_FUNCTION = YES;
				GCC_WARN_UNUSED_VARIABLE = YES;
				IPHONEOS_DEPLOYMENT_TARGET = 15.0;
				MTL_ENABLE_DEBUG_INFO = INCLUDE_SOURCE;
				MTL_FAST_MATH = YES;
				ONLY_ACTIVE_ARCH = YES;
				SDKROOT = iphoneos;
				SWIFT_ACTIVE_COMPILATION_CONDITIONS = DEBUG;
				SWIFT_OPTIMIZATION_LEVEL = "-Onone";
			};
			name = Debug;
		};
		3CFB1B64273E1E09005EB938 /* Release */ = {
			isa = XCBuildConfiguration;
			buildSettings = {
				ALWAYS_SEARCH_USER_PATHS = NO;
				CLANG_ANALYZER_NONNULL = YES;
				CLANG_ANALYZER_NUMBER_OBJECT_CONVERSION = YES_AGGRESSIVE;
				CLANG_CXX_LANGUAGE_STANDARD = "gnu++17";
				CLANG_CXX_LIBRARY = "libc++";
				CLANG_ENABLE_MODULES = YES;
				CLANG_ENABLE_OBJC_ARC = YES;
				CLANG_ENABLE_OBJC_WEAK = YES;
				CLANG_WARN_BLOCK_CAPTURE_AUTORELEASING = YES;
				CLANG_WARN_BOOL_CONVERSION = YES;
				CLANG_WARN_COMMA = YES;
				CLANG_WARN_CONSTANT_CONVERSION = YES;
				CLANG_WARN_DEPRECATED_OBJC_IMPLEMENTATIONS = YES;
				CLANG_WARN_DIRECT_OBJC_ISA_USAGE = YES_ERROR;
				CLANG_WARN_DOCUMENTATION_COMMENTS = YES;
				CLANG_WARN_EMPTY_BODY = YES;
				CLANG_WARN_ENUM_CONVERSION = YES;
				CLANG_WARN_INFINITE_RECURSION = YES;
				CLANG_WARN_INT_CONVERSION = YES;
				CLANG_WARN_NON_LITERAL_NULL_CONVERSION = YES;
				CLANG_WARN_OBJC_IMPLICIT_RETAIN_SELF = YES;
				CLANG_WARN_OBJC_LITERAL_CONVERSION = YES;
				CLANG_WARN_OBJC_ROOT_CLASS = YES_ERROR;
				CLANG_WARN_QUOTED_INCLUDE_IN_FRAMEWORK_HEADER = YES;
				CLANG_WARN_RANGE_LOOP_ANALYSIS = YES;
				CLANG_WARN_STRICT_PROTOTYPES = YES;
				CLANG_WARN_SUSPICIOUS_MOVE = YES;
				CLANG_WARN_UNGUARDED_AVAILABILITY = YES_AGGRESSIVE;
				CLANG_WARN_UNREACHABLE_CODE = YES;
				CLANG_WARN__DUPLICATE_METHOD_MATCH = YES;
				COPY_PHASE_STRIP = NO;
				DEBUG_INFORMATION_FORMAT = "dwarf-with-dsym";
				ENABLE_NS_ASSERTIONS = NO;
				ENABLE_STRICT_OBJC_MSGSEND = YES;
				GCC_C_LANGUAGE_STANDARD = gnu11;
				GCC_NO_COMMON_BLOCKS = YES;
				GCC_WARN_64_TO_32_BIT_CONVERSION = YES;
				GCC_WARN_ABOUT_RETURN_TYPE = YES_ERROR;
				GCC_WARN_UNDECLARED_SELECTOR = YES;
				GCC_WARN_UNINITIALIZED_AUTOS = YES_AGGRESSIVE;
				GCC_WARN_UNUSED_FUNCTION = YES;
				GCC_WARN_UNUSED_VARIABLE = YES;
				IPHONEOS_DEPLOYMENT_TARGET = 15.0;
				MTL_ENABLE_DEBUG_INFO = NO;
				MTL_FAST_MATH = YES;
				SDKROOT = iphoneos;
				SWIFT_COMPILATION_MODE = wholemodule;
				SWIFT_OPTIMIZATION_LEVEL = "-O";
				VALIDATE_PRODUCT = YES;
			};
			name = Release;
		};
		3CFB1B66273E1E09005EB938 /* Debug */ = {
			isa = XCBuildConfiguration;
			buildSettings = {
				ASSETCATALOG_COMPILER_APPICON_NAME = AppIcon;
				ASSETCATALOG_COMPILER_GLOBAL_ACCENT_COLOR_NAME = AccentColor;
				CODE_SIGN_STYLE = Automatic;
				CURRENT_PROJECT_VERSION = 1;
				DEVELOPMENT_TEAM = J8A843466G;
				GENERATE_INFOPLIST_FILE = YES;
				INFOPLIST_FILE = "git-exam-project/Info.plist";
				INFOPLIST_KEY_UIApplicationSupportsIndirectInputEvents = YES;
				INFOPLIST_KEY_UILaunchStoryboardName = LaunchScreen;
				INFOPLIST_KEY_UIMainStoryboardFile = Main;
				INFOPLIST_KEY_UISupportedInterfaceOrientations_iPad = "UIInterfaceOrientationPortrait UIInterfaceOrientationPortraitUpsideDown UIInterfaceOrientationLandscapeLeft UIInterfaceOrientationLandscapeRight";
				INFOPLIST_KEY_UISupportedInterfaceOrientations_iPhone = "UIInterfaceOrientationPortrait UIInterfaceOrientationLandscapeLeft UIInterfaceOrientationLandscapeRight";
				LD_RUNPATH_SEARCH_PATHS = (
					"$(inherited)",
					"@executable_path/Frameworks",
				);
				MARKETING_VERSION = 1.0;
				PRODUCT_BUNDLE_IDENTIFIER = "net.hryeong.git-exam-project";
				PRODUCT_NAME = "$(TARGET_NAME)";
				SWIFT_EMIT_LOC_STRINGS = YES;
				SWIFT_VERSION = 5.0;
				TARGETED_DEVICE_FAMILY = "1,2";
			};
			name = Debug;
		};
		3CFB1B67273E1E09005EB938 /* Release */ = {
			isa = XCBuildConfiguration;
			buildSettings = {
				ASSETCATALOG_COMPILER_APPICON_NAME = AppIcon;
				ASSETCATALOG_COMPILER_GLOBAL_ACCENT_COLOR_NAME = AccentColor;
				CODE_SIGN_STYLE = Automatic;
				CURRENT_PROJECT_VERSION = 1;
				DEVELOPMENT_TEAM = J8A843466G;
				GENERATE_INFOPLIST_FILE = YES;
				INFOPLIST_FILE = "git-exam-project/Info.plist";
				INFOPLIST_KEY_UIApplicationSupportsIndirectInputEvents = YES;
				INFOPLIST_KEY_UILaunchStoryboardName = LaunchScreen;
				INFOPLIST_KEY_UIMainStoryboardFile = Main;
				INFOPLIST_KEY_UISupportedInterfaceOrientations_iPad = "UIInterfaceOrientationPortrait UIInterfaceOrientationPortraitUpsideDown UIInterfaceOrientationLandscapeLeft UIInterfaceOrientationLandscapeRight";
				INFOPLIST_KEY_UISupportedInterfaceOrientations_iPhone = "UIInterfaceOrientationPortrait UIInterfaceOrientationLandscapeLeft UIInterfaceOrientationLandscapeRight";
				LD_RUNPATH_SEARCH_PATHS = (
					"$(inherited)",
					"@executable_path/Frameworks",
				);
				MARKETING_VERSION = 1.0;
				PRODUCT_BUNDLE_IDENTIFIER = "net.hryeong.git-exam-project";
				PRODUCT_NAME = "$(TARGET_NAME)";
				SWIFT_EMIT_LOC_STRINGS = YES;
				SWIFT_VERSION = 5.0;
				TARGETED_DEVICE_FAMILY = "1,2";
			};
			name = Release;
		};
/* End XCBuildConfiguration section */

/* Begin XCConfigurationList section */
		3CFB1B4C273E1E06005EB938 /* Build configuration list for PBXProject "git-exam-project" */ = {
			isa = XCConfigurationList;
			buildConfigurations = (
				3CFB1B63273E1E09005EB938 /* Debug */,
				3CFB1B64273E1E09005EB938 /* Release */,
			);
			defaultConfigurationIsVisible = 0;
			defaultConfigurationName = Release;
		};
		3CFB1B65273E1E09005EB938 /* Build configuration list for PBXNativeTarget "git-exam-project" */ = {
			isa = XCConfigurationList;
			buildConfigurations = (
				3CFB1B66273E1E09005EB938 /* Debug */,
				3CFB1B67273E1E09005EB938 /* Release */,
			);
			defaultConfigurationIsVisible = 0;
			defaultConfigurationName = Release;
		};
/* End XCConfigurationList section */
	};
	rootObject = 3CFB1B49273E1E06005EB938 /* Project object */;
}
